dependencies:
- name: minio
  repository: oci://registry-1.docker.io/bitnamicharts
  version: 17.0.21
- name: postgresql-ha
  repository: oci://registry-1.docker.io/bitnamicharts
  version: 16.3.2
- name: redis
  repository: oci://registry-1.docker.io/bitnamicharts
  version: 22.0.7
digest: sha256:b7a4c57c378114978b27757554c957c4272e626e078d8c92548c0b44e567e53e
generated: "2025-09-03T01:26:19.996767319-05:00"
